
Microsoft Visual Studio Solution File, Format Version 12.00
# Visual Studio Version 17
VisualStudioVersion = 17.12.35527.113
MinimumVisualStudioVersion = 10.0.40219.1
Project("{FAE04EC0-301F-11D3-BF4B-00C04F79EFBC}") = "InvoiceManagement.Application", "InvoiceManagement.Application\InvoiceManagement.Application.csproj", "{FD842EA9-C8CB-40F3-95F6-61939FC6702A}"
EndProject
Project("{FAE04EC0-301F-11D3-BF4B-00C04F79EFBC}") = "InvoiceManagement.Core", "InvoiceManagement.Core\InvoiceManagement.Core.csproj", "{EB05E99C-60BE-481A-8BF9-12E3249A7BEA}"
EndProject
Project("{FAE04EC0-301F-11D3-BF4B-00C04F79EFBC}") = "InvoiceManagement.Infrastructure", "InvoiceManagement.Infrastructure\InvoiceManagement.Infrastructure.csproj", "{BA0144AB-6E56-4EB4-82A5-299AF9963CD4}"
EndProject
Project("{FAE04EC0-301F-11D3-BF4B-00C04F79EFBC}") = "InvoiceManagement.Web", "InvoiceManagement.Web\InvoiceManagement.Web.csproj", "{897EB724-0CE5-41D3-AA1E-F439C3F29D63}"
EndProject
Project("{FAE04EC0-301F-11D3-BF4B-00C04F79EFBC}") = "InvoiceManagement.API", "InvoiceManagement.API\InvoiceManagement.API.csproj", "{AA3274AE-3076-461D-B531-0403A853B6CD}"
EndProject
Global
	GlobalSection(SolutionConfigurationPlatforms) = preSolution
		Debug|Any CPU = Debug|Any CPU
		Release|Any CPU = Release|Any CPU
	EndGlobalSection
	GlobalSection(ProjectConfigurationPlatforms) = postSolution
		{FD842EA9-C8CB-40F3-95F6-61939FC6702A}.Debug|Any CPU.ActiveCfg = Debug|Any CPU
		{FD842EA9-C8CB-40F3-95F6-61939FC6702A}.Debug|Any CPU.Build.0 = Debug|Any CPU
		{FD842EA9-C8CB-40F3-95F6-61939FC6702A}.Release|Any CPU.ActiveCfg = Release|Any CPU
		{FD842EA9-C8CB-40F3-95F6-61939FC6702A}.Release|Any CPU.Build.0 = Release|Any CPU
		{EB05E99C-60BE-481A-8BF9-12E3249A7BEA}.Debug|Any CPU.ActiveCfg = Debug|Any CPU
		{EB05E99C-60BE-481A-8BF9-12E3249A7BEA}.Debug|Any CPU.Build.0 = Debug|Any CPU
		{EB05E99C-60BE-481A-8BF9-12E3249A7BEA}.Release|Any CPU.ActiveCfg = Release|Any CPU
		{EB05E99C-60BE-481A-8BF9-12E3249A7BEA}.Release|Any CPU.Build.0 = Release|Any CPU
		{BA0144AB-6E56-4EB4-82A5-299AF9963CD4}.Debug|Any CPU.ActiveCfg = Debug|Any CPU
		{BA0144AB-6E56-4EB4-82A5-299AF9963CD4}.Debug|Any CPU.Build.0 = Debug|Any CPU
		{BA0144AB-6E56-4EB4-82A5-299AF9963CD4}.Release|Any CPU.ActiveCfg = Release|Any CPU
		{BA0144AB-6E56-4EB4-82A5-299AF9963CD4}.Release|Any CPU.Build.0 = Release|Any CPU
		{897EB724-0CE5-41D3-AA1E-F439C3F29D63}.Debug|Any CPU.ActiveCfg = Debug|Any CPU
		{897EB724-0CE5-41D3-AA1E-F439C3F29D63}.Debug|Any CPU.Build.0 = Debug|Any CPU
		{897EB724-0CE5-41D3-AA1E-F439C3F29D63}.Release|Any CPU.ActiveCfg = Release|Any CPU
		{897EB724-0CE5-41D3-AA1E-F439C3F29D63}.Release|Any CPU.Build.0 = Release|Any CPU
		{AA3274AE-3076-461D-B531-0403A853B6CD}.Debug|Any CPU.ActiveCfg = Debug|Any CPU
		{AA3274AE-3076-461D-B531-0403A853B6CD}.Debug|Any CPU.Build.0 = Debug|Any CPU
		{AA3274AE-3076-461D-B531-0403A853B6CD}.Release|Any CPU.ActiveCfg = Release|Any CPU
		{AA3274AE-3076-461D-B531-0403A853B6CD}.Release|Any CPU.Build.0 = Release|Any CPU
	EndGlobalSection
	GlobalSection(SolutionProperties) = preSolution
		HideSolutionNode = FALSE
	EndGlobalSection
EndGlobal
